
Microsoft Visual Studio Solution File, Format Version 10.00
# Visual Studio 2008
Project("{8BC9CEB8-8B4A-11D0-8D11-00A0C91BC942}") = "custom_ops", "custom_ops.vcproj", "{059C1866-A8D5-4D8B-85A7-2E87EE2F6E1F}"
EndProject
Global
	GlobalSection(SolutionConfigurationPlatforms) = preSolution
		Debug|Win32 = Debug|Win32
		Release|Win32 = Release|Win32
	EndGlobalSection
	GlobalSection(ProjectConfigurationPlatforms) = postSolution
		{059C1866-A8D5-4D8B-85A7-2E87EE2F6E1F}.Debug|Win32.ActiveCfg = Debug|Win32
		{059C1866-A8D5-4D8B-85A7-2E87EE2F6E1F}.Debug|Win32.Build.0 = Debug|Win32
		{059C1866-A8D5-4D8B-85A7-2E87EE2F6E1F}.Release|Win32.ActiveCfg = Release|Win32
		{059C1866-A8D5-4D8B-85A7-2E87EE2F6E1F}.Release|Win32.Build.0 = Release|Win32
	EndGlobalSection
	GlobalSection(SolutionProperties) = preSolution
		HideSolutionNode = FALSE
	EndGlobalSection
EndGlobal
